
Microsoft Visual Studio Solution File, Format Version 12.00
# Visual Studio 15
VisualStudioVersion = 15.0.28010.2003
MinimumVisualStudioVersion = 10.0.40219.1
Project("{FAE04EC0-301F-11D3-BF4B-00C04F79EFBC}") = "IntroductionToArrays", "IntroductionToArrays\IntroductionToArrays.csproj", "{0573BAE3-F6A5-4744-8025-BD9472E5B16C}"
EndProject
Project("{FAE04EC0-301F-11D3-BF4B-00C04F79EFBC}") = "OutputtingArrays", "OutputtingArrays\OutputtingArrays.csproj", "{BF62379A-1EE7-47DB-8A9B-684C212104C2}"
EndProject
Project("{FAE04EC0-301F-11D3-BF4B-00C04F79EFBC}") = "ArrayCloning", "ArrayCloning\ArrayCloning.csproj", "{31D51A1B-4C13-4033-AB9C-80265616AC96}"
EndProject
Project("{FAE04EC0-301F-11D3-BF4B-00C04F79EFBC}") = "Reversing", "Reversing\Reversing.csproj", "{311AE7A8-4779-4779-BAF2-B319B0A56EE1}"
EndProject
Global
	GlobalSection(SolutionConfigurationPlatforms) = preSolution
		Debug|Any CPU = Debug|Any CPU
		Release|Any CPU = Release|Any CPU
	EndGlobalSection
	GlobalSection(ProjectConfigurationPlatforms) = postSolution
		{0573BAE3-F6A5-4744-8025-BD9472E5B16C}.Debug|Any CPU.ActiveCfg = Debug|Any CPU
		{0573BAE3-F6A5-4744-8025-BD9472E5B16C}.Debug|Any CPU.Build.0 = Debug|Any CPU
		{0573BAE3-F6A5-4744-8025-BD9472E5B16C}.Release|Any CPU.ActiveCfg = Release|Any CPU
		{0573BAE3-F6A5-4744-8025-BD9472E5B16C}.Release|Any CPU.Build.0 = Release|Any CPU
		{BF62379A-1EE7-47DB-8A9B-684C212104C2}.Debug|Any CPU.ActiveCfg = Debug|Any CPU
		{BF62379A-1EE7-47DB-8A9B-684C212104C2}.Debug|Any CPU.Build.0 = Debug|Any CPU
		{BF62379A-1EE7-47DB-8A9B-684C212104C2}.Release|Any CPU.ActiveCfg = Release|Any CPU
		{BF62379A-1EE7-47DB-8A9B-684C212104C2}.Release|Any CPU.Build.0 = Release|Any CPU
		{31D51A1B-4C13-4033-AB9C-80265616AC96}.Debug|Any CPU.ActiveCfg = Debug|Any CPU
		{31D51A1B-4C13-4033-AB9C-80265616AC96}.Debug|Any CPU.Build.0 = Debug|Any CPU
		{31D51A1B-4C13-4033-AB9C-80265616AC96}.Release|Any CPU.ActiveCfg = Release|Any CPU
		{31D51A1B-4C13-4033-AB9C-80265616AC96}.Release|Any CPU.Build.0 = Release|Any CPU
		{311AE7A8-4779-4779-BAF2-B319B0A56EE1}.Debug|Any CPU.ActiveCfg = Debug|Any CPU
		{311AE7A8-4779-4779-BAF2-B319B0A56EE1}.Debug|Any CPU.Build.0 = Debug|Any CPU
		{311AE7A8-4779-4779-BAF2-B319B0A56EE1}.Release|Any CPU.ActiveCfg = Release|Any CPU
		{311AE7A8-4779-4779-BAF2-B319B0A56EE1}.Release|Any CPU.Build.0 = Release|Any CPU
	EndGlobalSection
	GlobalSection(SolutionProperties) = preSolution
		HideSolutionNode = FALSE
	EndGlobalSection
	GlobalSection(ExtensibilityGlobals) = postSolution
		SolutionGuid = {CD2F0AA6-E7B7-4764-87A6-C238EE899A4A}
	EndGlobalSection
EndGlobal
