
Microsoft Visual Studio Solution File, Format Version 12.00
# Visual Studio 15
VisualStudioVersion = 15.0.28010.2003
MinimumVisualStudioVersion = 10.0.40219.1
Project("{FAE04EC0-301F-11D3-BF4B-00C04F79EFBC}") = "If", "If\If.csproj", "{69D8919B-C6E1-4AED-A4FC-8AE8104FB87F}"
EndProject
Project("{FAE04EC0-301F-11D3-BF4B-00C04F79EFBC}") = "IfElseExamples", "IfElseExamples\IfElseExamples.csproj", "{40941A19-3764-4EE6-AA01-480790996919}"
EndProject
Project("{FAE04EC0-301F-11D3-BF4B-00C04F79EFBC}") = "ElseIf", "ElseIf\ElseIf.csproj", "{AC606484-342F-41B8-AB1B-94D0D785E95B}"
EndProject
Project("{FAE04EC0-301F-11D3-BF4B-00C04F79EFBC}") = "ElseIfExamples", "ElseIfExamples\ElseIfExamples.csproj", "{77C00314-25DC-4DA2-BC9F-186891F833A6}"
EndProject
Project("{FAE04EC0-301F-11D3-BF4B-00C04F79EFBC}") = "NestedIf", "NestedIf\NestedIf.csproj", "{AF0C284A-D4A6-4B61-A457-06521DEFB5BF}"
EndProject
Project("{FAE04EC0-301F-11D3-BF4B-00C04F79EFBC}") = "Switch", "Switch\Switch.csproj", "{22AA6DA9-1AC7-4DA2-8169-6909FE095FD4}"
EndProject
Global
	GlobalSection(SolutionConfigurationPlatforms) = preSolution
		Debug|Any CPU = Debug|Any CPU
		Release|Any CPU = Release|Any CPU
	EndGlobalSection
	GlobalSection(ProjectConfigurationPlatforms) = postSolution
		{69D8919B-C6E1-4AED-A4FC-8AE8104FB87F}.Debug|Any CPU.ActiveCfg = Debug|Any CPU
		{69D8919B-C6E1-4AED-A4FC-8AE8104FB87F}.Debug|Any CPU.Build.0 = Debug|Any CPU
		{69D8919B-C6E1-4AED-A4FC-8AE8104FB87F}.Release|Any CPU.ActiveCfg = Release|Any CPU
		{69D8919B-C6E1-4AED-A4FC-8AE8104FB87F}.Release|Any CPU.Build.0 = Release|Any CPU
		{40941A19-3764-4EE6-AA01-480790996919}.Debug|Any CPU.ActiveCfg = Debug|Any CPU
		{40941A19-3764-4EE6-AA01-480790996919}.Debug|Any CPU.Build.0 = Debug|Any CPU
		{40941A19-3764-4EE6-AA01-480790996919}.Release|Any CPU.ActiveCfg = Release|Any CPU
		{40941A19-3764-4EE6-AA01-480790996919}.Release|Any CPU.Build.0 = Release|Any CPU
		{AC606484-342F-41B8-AB1B-94D0D785E95B}.Debug|Any CPU.ActiveCfg = Debug|Any CPU
		{AC606484-342F-41B8-AB1B-94D0D785E95B}.Debug|Any CPU.Build.0 = Debug|Any CPU
		{AC606484-342F-41B8-AB1B-94D0D785E95B}.Release|Any CPU.ActiveCfg = Release|Any CPU
		{AC606484-342F-41B8-AB1B-94D0D785E95B}.Release|Any CPU.Build.0 = Release|Any CPU
		{77C00314-25DC-4DA2-BC9F-186891F833A6}.Debug|Any CPU.ActiveCfg = Debug|Any CPU
		{77C00314-25DC-4DA2-BC9F-186891F833A6}.Debug|Any CPU.Build.0 = Debug|Any CPU
		{77C00314-25DC-4DA2-BC9F-186891F833A6}.Release|Any CPU.ActiveCfg = Release|Any CPU
		{77C00314-25DC-4DA2-BC9F-186891F833A6}.Release|Any CPU.Build.0 = Release|Any CPU
		{AF0C284A-D4A6-4B61-A457-06521DEFB5BF}.Debug|Any CPU.ActiveCfg = Debug|Any CPU
		{AF0C284A-D4A6-4B61-A457-06521DEFB5BF}.Debug|Any CPU.Build.0 = Debug|Any CPU
		{AF0C284A-D4A6-4B61-A457-06521DEFB5BF}.Release|Any CPU.ActiveCfg = Release|Any CPU
		{AF0C284A-D4A6-4B61-A457-06521DEFB5BF}.Release|Any CPU.Build.0 = Release|Any CPU
		{22AA6DA9-1AC7-4DA2-8169-6909FE095FD4}.Debug|Any CPU.ActiveCfg = Debug|Any CPU
		{22AA6DA9-1AC7-4DA2-8169-6909FE095FD4}.Debug|Any CPU.Build.0 = Debug|Any CPU
		{22AA6DA9-1AC7-4DA2-8169-6909FE095FD4}.Release|Any CPU.ActiveCfg = Release|Any CPU
		{22AA6DA9-1AC7-4DA2-8169-6909FE095FD4}.Release|Any CPU.Build.0 = Release|Any CPU
	EndGlobalSection
	GlobalSection(SolutionProperties) = preSolution
		HideSolutionNode = FALSE
	EndGlobalSection
	GlobalSection(ExtensibilityGlobals) = postSolution
		SolutionGuid = {BDEE6308-BBEF-4285-92B7-F58A6CF99767}
	EndGlobalSection
EndGlobal
