
Microsoft Visual Studio Solution File, Format Version 12.00
# Visual Studio 15
VisualStudioVersion = 15.0.28010.2003
MinimumVisualStudioVersion = 10.0.40219.1
Project("{FAE04EC0-301F-11D3-BF4B-00C04F79EFBC}") = "If", "If\If.csproj", "{69D8919B-C6E1-4AED-A4FC-8AE8104FB87F}"
EndProject
Project("{FAE04EC0-301F-11D3-BF4B-00C04F79EFBC}") = "IfElseExamples", "IfElseExamples\IfElseExamples.csproj", "{40941A19-3764-4EE6-AA01-480790996919}"
EndProject
Project("{FAE04EC0-301F-11D3-BF4B-00C04F79EFBC}") = "ElseIf", "ElseIf\ElseIf.csproj", "{AC606484-342F-41B8-AB1B-94D0D785E95B}"
EndProject
Global
	GlobalSection(SolutionConfigurationPlatforms) = preSolution
		Debug|Any CPU = Debug|Any CPU
		Release|Any CPU = Release|Any CPU
	EndGlobalSection
	GlobalSection(ProjectConfigurationPlatforms) = postSolution
		{69D8919B-C6E1-4AED-A4FC-8AE8104FB87F}.Debug|Any CPU.ActiveCfg = Debug|Any CPU
		{69D8919B-C6E1-4AED-A4FC-8AE8104FB87F}.Debug|Any CPU.Build.0 = Debug|Any CPU
		{69D8919B-C6E1-4AED-A4FC-8AE8104FB87F}.Release|Any CPU.ActiveCfg = Release|Any CPU
		{69D8919B-C6E1-4AED-A4FC-8AE8104FB87F}.Release|Any CPU.Build.0 = Release|Any CPU
		{40941A19-3764-4EE6-AA01-480790996919}.Debug|Any CPU.ActiveCfg = Debug|Any CPU
		{40941A19-3764-4EE6-AA01-480790996919}.Debug|Any CPU.Build.0 = Debug|Any CPU
		{40941A19-3764-4EE6-AA01-480790996919}.Release|Any CPU.ActiveCfg = Release|Any CPU
		{40941A19-3764-4EE6-AA01-480790996919}.Release|Any CPU.Build.0 = Release|Any CPU
		{AC606484-342F-41B8-AB1B-94D0D785E95B}.Debug|Any CPU.ActiveCfg = Debug|Any CPU
		{AC606484-342F-41B8-AB1B-94D0D785E95B}.Debug|Any CPU.Build.0 = Debug|Any CPU
		{AC606484-342F-41B8-AB1B-94D0D785E95B}.Release|Any CPU.ActiveCfg = Release|Any CPU
		{AC606484-342F-41B8-AB1B-94D0D785E95B}.Release|Any CPU.Build.0 = Release|Any CPU
	EndGlobalSection
	GlobalSection(SolutionProperties) = preSolution
		HideSolutionNode = FALSE
	EndGlobalSection
	GlobalSection(ExtensibilityGlobals) = postSolution
		SolutionGuid = {BDEE6308-BBEF-4285-92B7-F58A6CF99767}
	EndGlobalSection
EndGlobal
